
Microsoft Visual Studio Solution File, Format Version 12.00
Project("{2150E333-8FDC-42A3-9474-1A3956D46DE8}") = "Server", "Server", "{AAE01FDF-1EE8-44C7-9F57-F8298D767BE2}"
EndProject
Project("{FAE04EC0-301F-11D3-BF4B-00C04F79EFBC}") = "Entities", "Entities\Entities.csproj", "{3D81F0D0-3726-4AB3-ACCB-BDEB0D87A3E0}"
EndProject
Project("{FAE04EC0-301F-11D3-BF4B-00C04F79EFBC}") = "RepositoryContracts", "Server\RepositoryContracts\RepositoryContracts.csproj", "{C6359EDA-C0DD-4AD8-9723-E181AFB8AD94}"
EndProject
Project("{FAE04EC0-301F-11D3-BF4B-00C04F79EFBC}") = "InMemoryRepositories", "Server\InMemoryRepositories\InMemoryRepositories.csproj", "{92CFFE45-F253-4AFF-B8D9-98A5B5A1B674}"
EndProject
Project("{FAE04EC0-301F-11D3-BF4B-00C04F79EFBC}") = "CLI", "Server\CLI\CLI.csproj", "{1C7BC1B7-30DA-48FB-9058-FEB1D9B8F2EB}"
EndProject
Project("{FAE04EC0-301F-11D3-BF4B-00C04F79EFBC}") = "FileRepositories", "Server\FileRepositories\FileRepositories.csproj", "{C43A7315-C06C-4008-9731-302D2360E75E}"
EndProject
Project("{2150E333-8FDC-42A3-9474-1A3956D46DE8}") = "Shared", "Shared", "{22871F3B-8260-4966-B5E1-CF525C078B5F}"
EndProject
Project("{FAE04EC0-301F-11D3-BF4B-00C04F79EFBC}") = "DataTransferObjects", "Shared\DataTransferObjects\DataTransferObjects.csproj", "{CBE6623E-1905-4748-AB5A-1A00075A4F7F}"
EndProject
Project("{FAE04EC0-301F-11D3-BF4B-00C04F79EFBC}") = "WebAPI", "Server\WebAPI\WebAPI.csproj", "{CD87D8A6-8379-4ACE-992E-025F21DAD9C1}"
EndProject
Project("{2150E333-8FDC-42A3-9474-1A3956D46DE8}") = "Client", "Client", "{3BC06589-A091-4DDE-94C5-AE2F26DE24C5}"
EndProject
Project("{FAE04EC0-301F-11D3-BF4B-00C04F79EFBC}") = "BlazorApp1", "BlazorApp1\BlazorApp1.csproj", "{DCCC8585-0AB4-4D9A-A4C0-67DBE2211FB4}"
EndProject
Project("{FAE04EC0-301F-11D3-BF4B-00C04F79EFBC}") = "EfcRepositories", "Server\EfcRepositories\EfcRepositories.csproj", "{079E7DA4-CF7F-49E9-A83A-FF16DB7333B0}"
EndProject
Global
	GlobalSection(SolutionConfigurationPlatforms) = preSolution
		Debug|Any CPU = Debug|Any CPU
		Release|Any CPU = Release|Any CPU
	EndGlobalSection
	GlobalSection(NestedProjects) = preSolution
		{3D81F0D0-3726-4AB3-ACCB-BDEB0D87A3E0} = {AAE01FDF-1EE8-44C7-9F57-F8298D767BE2}
		{C6359EDA-C0DD-4AD8-9723-E181AFB8AD94} = {AAE01FDF-1EE8-44C7-9F57-F8298D767BE2}
		{92CFFE45-F253-4AFF-B8D9-98A5B5A1B674} = {AAE01FDF-1EE8-44C7-9F57-F8298D767BE2}
		{1C7BC1B7-30DA-48FB-9058-FEB1D9B8F2EB} = {AAE01FDF-1EE8-44C7-9F57-F8298D767BE2}
		{C43A7315-C06C-4008-9731-302D2360E75E} = {AAE01FDF-1EE8-44C7-9F57-F8298D767BE2}
		{CBE6623E-1905-4748-AB5A-1A00075A4F7F} = {22871F3B-8260-4966-B5E1-CF525C078B5F}
		{CD87D8A6-8379-4ACE-992E-025F21DAD9C1} = {AAE01FDF-1EE8-44C7-9F57-F8298D767BE2}
		{DCCC8585-0AB4-4D9A-A4C0-67DBE2211FB4} = {3BC06589-A091-4DDE-94C5-AE2F26DE24C5}
		{079E7DA4-CF7F-49E9-A83A-FF16DB7333B0} = {AAE01FDF-1EE8-44C7-9F57-F8298D767BE2}
	EndGlobalSection
	GlobalSection(ProjectConfigurationPlatforms) = postSolution
		{3D81F0D0-3726-4AB3-ACCB-BDEB0D87A3E0}.Debug|Any CPU.ActiveCfg = Debug|Any CPU
		{3D81F0D0-3726-4AB3-ACCB-BDEB0D87A3E0}.Debug|Any CPU.Build.0 = Debug|Any CPU
		{3D81F0D0-3726-4AB3-ACCB-BDEB0D87A3E0}.Release|Any CPU.ActiveCfg = Release|Any CPU
		{3D81F0D0-3726-4AB3-ACCB-BDEB0D87A3E0}.Release|Any CPU.Build.0 = Release|Any CPU
		{C6359EDA-C0DD-4AD8-9723-E181AFB8AD94}.Debug|Any CPU.ActiveCfg = Debug|Any CPU
		{C6359EDA-C0DD-4AD8-9723-E181AFB8AD94}.Debug|Any CPU.Build.0 = Debug|Any CPU
		{C6359EDA-C0DD-4AD8-9723-E181AFB8AD94}.Release|Any CPU.ActiveCfg = Release|Any CPU
		{C6359EDA-C0DD-4AD8-9723-E181AFB8AD94}.Release|Any CPU.Build.0 = Release|Any CPU
		{92CFFE45-F253-4AFF-B8D9-98A5B5A1B674}.Debug|Any CPU.ActiveCfg = Debug|Any CPU
		{92CFFE45-F253-4AFF-B8D9-98A5B5A1B674}.Debug|Any CPU.Build.0 = Debug|Any CPU
		{92CFFE45-F253-4AFF-B8D9-98A5B5A1B674}.Release|Any CPU.ActiveCfg = Release|Any CPU
		{92CFFE45-F253-4AFF-B8D9-98A5B5A1B674}.Release|Any CPU.Build.0 = Release|Any CPU
		{1C7BC1B7-30DA-48FB-9058-FEB1D9B8F2EB}.Debug|Any CPU.ActiveCfg = Debug|Any CPU
		{1C7BC1B7-30DA-48FB-9058-FEB1D9B8F2EB}.Debug|Any CPU.Build.0 = Debug|Any CPU
		{1C7BC1B7-30DA-48FB-9058-FEB1D9B8F2EB}.Release|Any CPU.ActiveCfg = Release|Any CPU
		{1C7BC1B7-30DA-48FB-9058-FEB1D9B8F2EB}.Release|Any CPU.Build.0 = Release|Any CPU
		{C43A7315-C06C-4008-9731-302D2360E75E}.Debug|Any CPU.ActiveCfg = Debug|Any CPU
		{C43A7315-C06C-4008-9731-302D2360E75E}.Debug|Any CPU.Build.0 = Debug|Any CPU
		{C43A7315-C06C-4008-9731-302D2360E75E}.Release|Any CPU.ActiveCfg = Release|Any CPU
		{C43A7315-C06C-4008-9731-302D2360E75E}.Release|Any CPU.Build.0 = Release|Any CPU
		{CBE6623E-1905-4748-AB5A-1A00075A4F7F}.Debug|Any CPU.ActiveCfg = Debug|Any CPU
		{CBE6623E-1905-4748-AB5A-1A00075A4F7F}.Debug|Any CPU.Build.0 = Debug|Any CPU
		{CBE6623E-1905-4748-AB5A-1A00075A4F7F}.Release|Any CPU.ActiveCfg = Release|Any CPU
		{CBE6623E-1905-4748-AB5A-1A00075A4F7F}.Release|Any CPU.Build.0 = Release|Any CPU
		{CD87D8A6-8379-4ACE-992E-025F21DAD9C1}.Debug|Any CPU.ActiveCfg = Debug|Any CPU
		{CD87D8A6-8379-4ACE-992E-025F21DAD9C1}.Debug|Any CPU.Build.0 = Debug|Any CPU
		{CD87D8A6-8379-4ACE-992E-025F21DAD9C1}.Release|Any CPU.ActiveCfg = Release|Any CPU
		{CD87D8A6-8379-4ACE-992E-025F21DAD9C1}.Release|Any CPU.Build.0 = Release|Any CPU
		{DCCC8585-0AB4-4D9A-A4C0-67DBE2211FB4}.Debug|Any CPU.ActiveCfg = Debug|Any CPU
		{DCCC8585-0AB4-4D9A-A4C0-67DBE2211FB4}.Debug|Any CPU.Build.0 = Debug|Any CPU
		{DCCC8585-0AB4-4D9A-A4C0-67DBE2211FB4}.Release|Any CPU.ActiveCfg = Release|Any CPU
		{DCCC8585-0AB4-4D9A-A4C0-67DBE2211FB4}.Release|Any CPU.Build.0 = Release|Any CPU
		{079E7DA4-CF7F-49E9-A83A-FF16DB7333B0}.Debug|Any CPU.ActiveCfg = Debug|Any CPU
		{079E7DA4-CF7F-49E9-A83A-FF16DB7333B0}.Debug|Any CPU.Build.0 = Debug|Any CPU
		{079E7DA4-CF7F-49E9-A83A-FF16DB7333B0}.Release|Any CPU.ActiveCfg = Release|Any CPU
		{079E7DA4-CF7F-49E9-A83A-FF16DB7333B0}.Release|Any CPU.Build.0 = Release|Any CPU
	EndGlobalSection
EndGlobal
