
Microsoft Visual Studio Solution File, Format Version 12.00
Project("{2150E333-8FDC-42A3-9474-1A3956D46DE8}") = "Server", "Server", "{AAE01FDF-1EE8-44C7-9F57-F8298D767BE2}"
EndProject
Project("{FAE04EC0-301F-11D3-BF4B-00C04F79EFBC}") = "Entities", "Entities\Entities.csproj", "{1129C4B1-7B30-4168-BDA1-8B85B33A13AB}"
EndProject
Global
	GlobalSection(SolutionConfigurationPlatforms) = preSolution
		Debug|Any CPU = Debug|Any CPU
		Release|Any CPU = Release|Any CPU
	EndGlobalSection
	GlobalSection(NestedProjects) = preSolution
		{1129C4B1-7B30-4168-BDA1-8B85B33A13AB} = {AAE01FDF-1EE8-44C7-9F57-F8298D767BE2}
	EndGlobalSection
	GlobalSection(ProjectConfigurationPlatforms) = postSolution
		{1129C4B1-7B30-4168-BDA1-8B85B33A13AB}.Debug|Any CPU.ActiveCfg = Debug|Any CPU
		{1129C4B1-7B30-4168-BDA1-8B85B33A13AB}.Debug|Any CPU.Build.0 = Debug|Any CPU
		{1129C4B1-7B30-4168-BDA1-8B85B33A13AB}.Release|Any CPU.ActiveCfg = Release|Any CPU
		{1129C4B1-7B30-4168-BDA1-8B85B33A13AB}.Release|Any CPU.Build.0 = Release|Any CPU
	EndGlobalSection
EndGlobal
